
Microsoft Visual Studio Solution File, Format Version 12.00
# Visual Studio Version 17
VisualStudioVersion = 17.7.34202.233
MinimumVisualStudioVersion = 10.0.40219.1
Project("{FAE04EC0-301F-11D3-BF4B-00C04F79EFBC}") = "CS322-DZ03", "CS322-DZ03\CS322-DZ03.csproj", "{5CF02C89-9350-456B-A683-57B50FE81ADE}"
EndProject
Global
	GlobalSection(SolutionConfigurationPlatforms) = preSolution
		Debug|Any CPU = Debug|Any CPU
		Release|Any CPU = Release|Any CPU
	EndGlobalSection
	GlobalSection(ProjectConfigurationPlatforms) = postSolution
		{5CF02C89-9350-456B-A683-57B50FE81ADE}.Debug|Any CPU.ActiveCfg = Debug|Any CPU
		{5CF02C89-9350-456B-A683-57B50FE81ADE}.Debug|Any CPU.Build.0 = Debug|Any CPU
		{5CF02C89-9350-456B-A683-57B50FE81ADE}.Release|Any CPU.ActiveCfg = Release|Any CPU
		{5CF02C89-9350-456B-A683-57B50FE81ADE}.Release|Any CPU.Build.0 = Release|Any CPU
	EndGlobalSection
	GlobalSection(SolutionProperties) = preSolution
		HideSolutionNode = FALSE
	EndGlobalSection
	GlobalSection(ExtensibilityGlobals) = postSolution
		SolutionGuid = {1196A143-276B-4894-B602-216C7A287A1B}
	EndGlobalSection
EndGlobal
